hash: ee5dfb046e12d2777a59bd1055c550f19ab8dc97da55e5c86f4d7d2c581036fb
updated: 2019-11-17T06:54:27.290966432+02:00
imports:
- name: github.com/gobs/httpclient
  version: 52552a898fc4df05e0e1aa65a03128cfa496e89c
- name: github.com/gobs/pretty
  version: 09732c25a95b8e10e85177a3201cf4c7fe35a377
- name: github.com/gobs/simplejson
  version: c70e6bd5e26b37fd37b5225d00d600b93d348e58
- name: github.com/gorilla/websocket
  version: c3e18be99d19e6b3e8f1559eea2c161a665c4b6b
- name: github.com/opentracing/opentracing-go
  version: a7454ce5950e83caac9774ef32cc8979e5975f30
  subpackages:
  - log
- name: github.com/raff/godet
  version: 29652e04000eb16b51ec593817162819a4f635d5
- name: github.com/rs/cors
  version: 9a47f48565a795472d43519dd49aac781f3034fb
- name: github.com/satori/go.uuid
  version: f58768cc1a7a7e77a3bd49e98cdd21419399b6a3
testImports: []
